
Microsoft Visual Studio Solution File, Format Version 12.00
# Visual Studio 14
VisualStudioVersion = 14.0.24720.0
MinimumVisualStudioVersion = 10.0.40219.1
Project("{FAE04EC0-301F-11D3-BF4B-00C04F79EFBC}") = "LiMengLing1995.UI", "LiMengLing1995\LiMengLing1995.UI.csproj", "{3DC75141-3FA3-469A-BD69-A4FFF0D5C61A}"
EndProject
Project("{FAE04EC0-301F-11D3-BF4B-00C04F79EFBC}") = "ConsoleApplication1", "ConsoleApplication1\ConsoleApplication1.csproj", "{3438E722-EE84-496E-B7F1-4D5A6E0C9F21}"
EndProject
Project("{FAE04EC0-301F-11D3-BF4B-00C04F79EFBC}") = "LiMengLing1995.Business", "LiMengLing1995.Business\LiMengLing1995.Business.csproj", "{F587CCC1-AEB4-4635-97B8-9C703ACCEEDD}"
EndProject
Project("{FAE04EC0-301F-11D3-BF4B-00C04F79EFBC}") = "LiMengLing1995.Model", "LiMengLing1995.Model\LiMengLing1995.Model.csproj", "{B39B9FCC-0056-4F03-B553-83656CD36817}"
EndProject
Global
	GlobalSection(SolutionConfigurationPlatforms) = preSolution
		Debug|Any CPU = Debug|Any CPU
		Release|Any CPU = Release|Any CPU
	EndGlobalSection
	GlobalSection(ProjectConfigurationPlatforms) = postSolution
		{3DC75141-3FA3-469A-BD69-A4FFF0D5C61A}.Debug|Any CPU.ActiveCfg = Debug|Any CPU
		{3DC75141-3FA3-469A-BD69-A4FFF0D5C61A}.Debug|Any CPU.Build.0 = Debug|Any CPU
		{3DC75141-3FA3-469A-BD69-A4FFF0D5C61A}.Release|Any CPU.ActiveCfg = Release|Any CPU
		{3DC75141-3FA3-469A-BD69-A4FFF0D5C61A}.Release|Any CPU.Build.0 = Release|Any CPU
		{3438E722-EE84-496E-B7F1-4D5A6E0C9F21}.Debug|Any CPU.ActiveCfg = Debug|Any CPU
		{3438E722-EE84-496E-B7F1-4D5A6E0C9F21}.Debug|Any CPU.Build.0 = Debug|Any CPU
		{3438E722-EE84-496E-B7F1-4D5A6E0C9F21}.Release|Any CPU.ActiveCfg = Release|Any CPU
		{3438E722-EE84-496E-B7F1-4D5A6E0C9F21}.Release|Any CPU.Build.0 = Release|Any CPU
		{F587CCC1-AEB4-4635-97B8-9C703ACCEEDD}.Debug|Any CPU.ActiveCfg = Debug|Any CPU
		{F587CCC1-AEB4-4635-97B8-9C703ACCEEDD}.Debug|Any CPU.Build.0 = Debug|Any CPU
		{F587CCC1-AEB4-4635-97B8-9C703ACCEEDD}.Release|Any CPU.ActiveCfg = Release|Any CPU
		{F587CCC1-AEB4-4635-97B8-9C703ACCEEDD}.Release|Any CPU.Build.0 = Release|Any CPU
		{B39B9FCC-0056-4F03-B553-83656CD36817}.Debug|Any CPU.ActiveCfg = Debug|Any CPU
		{B39B9FCC-0056-4F03-B553-83656CD36817}.Debug|Any CPU.Build.0 = Debug|Any CPU
		{B39B9FCC-0056-4F03-B553-83656CD36817}.Release|Any CPU.ActiveCfg = Release|Any CPU
		{B39B9FCC-0056-4F03-B553-83656CD36817}.Release|Any CPU.Build.0 = Release|Any CPU
	EndGlobalSection
	GlobalSection(SolutionProperties) = preSolution
		HideSolutionNode = FALSE
	EndGlobalSection
EndGlobal
